{
  "name": "@marcoparrone/snackbar",
  "version": "1.0.0",
  "lockfileVersion": 1,
  "requires": true,
  "dependencies": {
    "@material/animation": {
      "version": "9.0.0",
      "resolved": "https://registry.npmjs.org/@material/animation/-/animation-9.0.0.tgz",
      "integrity": "sha512-ZsiCrIfn6uRjE+/W50PwxOIFSSMWo/sXgOAXvM/0C6KSEGAyKOBGcVmpMuD2IxJV+EGMwFJVQIwR1zZWues9yQ==",
      "requires": {
        "tslib": "^1.9.3"
      }
    },
    "@material/base": {
      "version": "9.0.0",
      "resolved": "https://registry.npmjs.org/@material/base/-/base-9.0.0.tgz",
      "integrity": "sha512-6Oalz/9iJCvivofmb3r5YHwAD1yy4mCHhdNwP2SugTf64qD1H6YUiavWM+OYZFETYT75UCnjMP2pEF9ynAg7VA==",
      "requires": {
        "tslib": "^1.9.3"
      }
    },
    "@material/button": {
      "version": "9.0.0",
      "resolved": "https://registry.npmjs.org/@material/button/-/button-9.0.0.tgz",
      "integrity": "sha512-8cvZJ6ljp9qqOmGHiQKn1fLjbhwG6r2793iEkvueu/eqdf2oD5NF1S45k29VygRfUS0cQ5Z2IV69GYKJv1ogMA==",
      "requires": {
        "@material/density": "^9.0.0",
        "@material/elevation": "^9.0.0",
        "@material/feature-targeting": "^9.0.0",
        "@material/ripple": "^9.0.0",
        "@material/rtl": "^9.0.0",
        "@material/shape": "^9.0.0",
        "@material/theme": "^9.0.0",
        "@material/touch-target": "^9.0.0",
        "@material/typography": "^9.0.0"
      }
    },
    "@material/density": {
      "version": "9.0.0",
      "resolved": "https://registry.npmjs.org/@material/density/-/density-9.0.0.tgz",
      "integrity": "sha512-HXQ0GKiIh4X08H7aEIPl6KOcHIUtpe0bqIxrj3VboTQf4C5wN4qkiLys3GaZsA3guvT/T1fCoQOyAGxOtJEh4w=="
    },
    "@material/dom": {
      "version": "9.0.0",
      "resolved": "https://registry.npmjs.org/@material/dom/-/dom-9.0.0.tgz",
      "integrity": "sha512-SOtGJqav0Gp0efFXl597AesZCuW8Ues1KUyR6fahVoEiP50mq2U3IhL4KdQqMXbQNyYYerl16BVR9n7bfi1a8A==",
      "requires": {
        "@material/feature-targeting": "^9.0.0",
        "tslib": "^1.9.3"
      }
    },
    "@material/elevation": {
      "version": "9.0.0",
      "resolved": "https://registry.npmjs.org/@material/elevation/-/elevation-9.0.0.tgz",
      "integrity": "sha512-UzpJybgat3tKYlTh8iLjoIO5+pR71mdzmUZQs4fHZ9YXl3A2IS+HyOAqI1tpfTwNfNJRif2GUl95ghJgMawSXw==",
      "requires": {
        "@material/animation": "^9.0.0",
        "@material/base": "^9.0.0",
        "@material/feature-targeting": "^9.0.0",
        "@material/theme": "^9.0.0"
      }
    },
    "@material/feature-targeting": {
      "version": "9.0.0",
      "resolved": "https://registry.npmjs.org/@material/feature-targeting/-/feature-targeting-9.0.0.tgz",
      "integrity": "sha512-SKkvI46TxxpTau9fsXJWAXTJXbu6ut5n6wdN5ZX1DHHLY2AR7abBAhDIvNhIcxH65FK8mo7Z63UfvDwy177ttQ=="
    },
    "@material/icon-button": {
      "version": "9.0.0",
      "resolved": "https://registry.npmjs.org/@material/icon-button/-/icon-button-9.0.0.tgz",
      "integrity": "sha512-8T8kChMS0lxZ+PyzhUNlGUjcbOk/DEyLDr3nYGYoreLddYe2Hss2N0RMvfdZ03fniAKe9w0ySQHk5PWDsO3KcQ==",
      "requires": {
        "@material/base": "^9.0.0",
        "@material/density": "^9.0.0",
        "@material/feature-targeting": "^9.0.0",
        "@material/ripple": "^9.0.0",
        "@material/rtl": "^9.0.0",
        "@material/theme": "^9.0.0",
        "tslib": "^1.9.3"
      }
    },
    "@material/ripple": {
      "version": "9.0.0",
      "resolved": "https://registry.npmjs.org/@material/ripple/-/ripple-9.0.0.tgz",
      "integrity": "sha512-hc5oNvknfrv0KsL21dW0eRF85DfyANAI0H/+UmNmf850KwwYO/wbs5FshW+vNYuK9ro9OrC/pS4g6suG6Gh4Jg==",
      "requires": {
        "@material/animation": "^9.0.0",
        "@material/base": "^9.0.0",
        "@material/dom": "^9.0.0",
        "@material/feature-targeting": "^9.0.0",
        "@material/theme": "^9.0.0",
        "tslib": "^1.9.3"
      }
    },
    "@material/rtl": {
      "version": "9.0.0",
      "resolved": "https://registry.npmjs.org/@material/rtl/-/rtl-9.0.0.tgz",
      "integrity": "sha512-3Ey4UqEOhKlkmpUQqiXtQnWTgGpwjTPqmFqh7OEy/V5X/k5QqWAhz7LJRmzqDS69uyBibsdB3tFxAGAi1RrRbA==",
      "requires": {
        "@material/theme": "^9.0.0"
      }
    },
    "@material/shape": {
      "version": "9.0.0",
      "resolved": "https://registry.npmjs.org/@material/shape/-/shape-9.0.0.tgz",
      "integrity": "sha512-kcZIBnPk0IRy8LyEIGURXAmtDNQHyySmOjySmsCKQzgXnfUhyNsU2exylkCSfPgJT/AWaclaIIN6x+E5OplvPg==",
      "requires": {
        "@material/feature-targeting": "^9.0.0",
        "@material/rtl": "^9.0.0",
        "@material/theme": "^9.0.0"
      }
    },
    "@material/snackbar": {
      "version": "9.0.0",
      "resolved": "https://registry.npmjs.org/@material/snackbar/-/snackbar-9.0.0.tgz",
      "integrity": "sha512-566hzyW6zMWf11Mc37SOB7gHmZr9y5oUC5lJ7Bzi5k/ExGKsqR8acZAn8nvgrbUxu5ZYfWAQkaPuN7wNO6s+Vg==",
      "requires": {
        "@material/animation": "^9.0.0",
        "@material/base": "^9.0.0",
        "@material/button": "^9.0.0",
        "@material/dom": "^9.0.0",
        "@material/elevation": "^9.0.0",
        "@material/feature-targeting": "^9.0.0",
        "@material/icon-button": "^9.0.0",
        "@material/ripple": "^9.0.0",
        "@material/rtl": "^9.0.0",
        "@material/shape": "^9.0.0",
        "@material/theme": "^9.0.0",
        "@material/typography": "^9.0.0",
        "tslib": "^1.9.3"
      }
    },
    "@material/theme": {
      "version": "9.0.0",
      "resolved": "https://registry.npmjs.org/@material/theme/-/theme-9.0.0.tgz",
      "integrity": "sha512-3wpQ00Ho6lD3+aRXUkn1YGii7Hg5ukaOkGq5oLyp7bikS3FTbgX9V6pspRiFckR4CKCbGR5NayIuCt8JwbcFyw==",
      "requires": {
        "@material/feature-targeting": "^9.0.0"
      }
    },
    "@material/touch-target": {
      "version": "9.0.0",
      "resolved": "https://registry.npmjs.org/@material/touch-target/-/touch-target-9.0.0.tgz",
      "integrity": "sha512-pvxp7U3UAlmY+AgeG9IxMlQsAiTOgITREzy4Egumtf1Ale2AQAfgDFGMs2NB1Izn+9vIgko/gHnlWgqHxexwwA==",
      "requires": {
        "@material/base": "^9.0.0",
        "@material/feature-targeting": "^9.0.0"
      }
    },
    "@material/typography": {
      "version": "9.0.0",
      "resolved": "https://registry.npmjs.org/@material/typography/-/typography-9.0.0.tgz",
      "integrity": "sha512-+zyzGnV73d/RyG681L72hCnhd2fwwS9ErtEa3KESVJxVxKeuaaCpUJVDkOqg1C/e7tNX5n/GiU8KPwRPG2O9Jw==",
      "requires": {
        "@material/feature-targeting": "^9.0.0",
        "@material/theme": "^9.0.0"
      }
    },
    "js-tokens": {
      "version": "4.0.0",
      "resolved": "https://registry.npmjs.org/js-tokens/-/js-tokens-4.0.0.tgz",
      "integrity": "sha512-RdJUflcE3cUzKiMqQgsCu06FPu9UdIJO0beYbPhHN4k6apgJtifcoCtT9bcxOpYBtpD2kCM6Sbzg4CausW/PKQ=="
    },
    "loose-envify": {
      "version": "1.4.0",
      "resolved": "https://registry.npmjs.org/loose-envify/-/loose-envify-1.4.0.tgz",
      "integrity": "sha512-lyuxPGr/Wfhrlem2CL/UcnUc1zcqKAImBDzukY7Y5F/yQiNdko6+fRLevlw1HgMySw7f611UIY408EtxRSoK3Q==",
      "requires": {
        "js-tokens": "^3.0.0 || ^4.0.0"
      }
    },
    "object-assign": {
      "version": "4.1.1",
      "resolved": "https://registry.npmjs.org/object-assign/-/object-assign-4.1.1.tgz",
      "integrity": "sha1-IQmtx5ZYh8/AXLvUQsrIv7s2CGM="
    },
    "react": {
      "version": "17.0.1",
      "resolved": "https://registry.npmjs.org/react/-/react-17.0.1.tgz",
      "integrity": "sha512-lG9c9UuMHdcAexXtigOZLX8exLWkW0Ku29qPRU8uhF2R9BN96dLCt0psvzPLlHc5OWkgymP3qwTRgbnw5BKx3w==",
      "requires": {
        "loose-envify": "^1.1.0",
        "object-assign": "^4.1.1"
      }
    },
    "tslib": {
      "version": "1.14.1",
      "resolved": "https://registry.npmjs.org/tslib/-/tslib-1.14.1.tgz",
      "integrity": "sha512-Xni35NKzjgMrwevysHTCArtLDpPvye8zV/0E4EyYn43P7/7qvQwPh9BGkHewbMulVntbigmcT7rdX3BNo9wRJg=="
    }
  }
}
